
Microsoft Visual Studio Solution File, Format Version 12.00
# Visual Studio Version 17
VisualStudioVersion = 17.11.35312.102
MinimumVisualStudioVersion = 10.0.40219.1
Project("{FAE04EC0-301F-11D3-BF4B-00C04F79EFBC}") = "01_MainObjects", "01_MainObjects\01_MainObjects.csproj", "{7F50512C-4AB7-4D49-AD63-E2D5AC338FC7}"
EndProject
Project("{FAE04EC0-301F-11D3-BF4B-00C04F79EFBC}") = "02_Variables", "02_Variables\02_Variables.csproj", "{8CF975E6-28B6-43B6-85F5-C7B28EC6B154}"
EndProject
Project("{FAE04EC0-301F-11D3-BF4B-00C04F79EFBC}") = "03_DecisionMaker", "03_DecisionMaker\03_DecisionMaker.csproj", "{A0C332DB-496E-498B-9BF3-DA25C565A053}"
EndProject
Project("{FAE04EC0-301F-11D3-BF4B-00C04F79EFBC}") = "04_Loops", "04_Loops\04_Loops.csproj", "{356B0655-4DC8-4D59-8333-3F90870E95F6}"
EndProject
Project("{FAE04EC0-301F-11D3-BF4B-00C04F79EFBC}") = "05_LoopsWithStars", "05_LoopsWithStars\05_LoopsWithStars.csproj", "{44B2199B-281C-4856-98A3-E4EE6A292993}"
EndProject
Project("{FAE04EC0-301F-11D3-BF4B-00C04F79EFBC}") = "06_Arrays", "06_Arrays\06_Arrays.csproj", "{19710B58-9166-474C-BE0A-FC7E74C5CAAF}"
EndProject
Project("{FAE04EC0-301F-11D3-BF4B-00C04F79EFBC}") = "07_ForeachLoops", "07_ForeachLoops\07_ForeachLoops.csproj", "{04D33A33-E119-46B9-A518-DAE0E40E1A12}"
EndProject
Project("{FAE04EC0-301F-11D3-BF4B-00C04F79EFBC}") = "08_Methods", "08_Methods\08_Methods.csproj", "{3E82B899-16E8-4809-AF0F-D0F888140587}"
EndProject
Project("{FAE04EC0-301F-11D3-BF4B-00C04F79EFBC}") = "09_DatabaseProject", "09_DatabaseProject\09_DatabaseProject.csproj", "{F0EC8025-BE6D-47BB-957F-7BB1037BB78E}"
EndProject
Project("{FAE04EC0-301F-11D3-BF4B-00C04F79EFBC}") = "10_DatabaseCRUD", "10_DatabaseCRUD\10_DatabaseCRUD.csproj", "{3F2F5E60-8A29-4F9C-91DF-0AF43CD13C7E}"
EndProject
Project("{2150E333-8FDC-42A3-9474-1A3956D46DE8}") = "101 & 201", "101 & 201", "{DA5065F3-E9CA-4C44-AAF2-56AB78218A19}"
EndProject
Project("{2150E333-8FDC-42A3-9474-1A3956D46DE8}") = "301", "301", "{6CAFFBE8-8468-46BF-B297-56106DB0CD64}"
EndProject
Project("{FAE04EC0-301F-11D3-BF4B-00C04F79EFBC}") = "Bootcamp.EntityLayer", "301\Bootcamp.EntityLayer\Bootcamp.EntityLayer.csproj", "{52818F60-7ADB-4B54-880E-559C5533F12F}"
EndProject
Project("{FAE04EC0-301F-11D3-BF4B-00C04F79EFBC}") = "Bootcamp.DataAccessLayer", "301\Bootcamp.DataAccessLayer\Bootcamp.DataAccessLayer.csproj", "{0A71ECB7-5949-4004-B267-A1283D9B795F}"
EndProject
Project("{FAE04EC0-301F-11D3-BF4B-00C04F79EFBC}") = "Bootcamp.BusinessLayer", "301\Bootcamp.BusinessLayer\Bootcamp.BusinessLayer.csproj", "{FB3E312F-3A25-41E9-B13A-AAFC0C18B949}"
EndProject
Project("{FAE04EC0-301F-11D3-BF4B-00C04F79EFBC}") = "Bootcamp.Presentation", "301\Bootcamp.Presentation\Bootcamp.Presentation.csproj", "{34000491-7293-4C5F-A145-44F8BACDA93A}"
EndProject
Project("{FAE04EC0-301F-11D3-BF4B-00C04F79EFBC}") = "Bootcamp.EFProject-DBFirstAPP", "301\Bootcamp.EFProject-DBFirstAPP\Bootcamp.EFProject-DBFirstAPP.csproj", "{9B1FD739-BA4B-41E3-8FFD-80589B14B0B2}"
EndProject
Global
	GlobalSection(SolutionConfigurationPlatforms) = preSolution
		Debug|Any CPU = Debug|Any CPU
		Release|Any CPU = Release|Any CPU
	EndGlobalSection
	GlobalSection(ProjectConfigurationPlatforms) = postSolution
		{7F50512C-4AB7-4D49-AD63-E2D5AC338FC7}.Debug|Any CPU.ActiveCfg = Debug|Any CPU
		{7F50512C-4AB7-4D49-AD63-E2D5AC338FC7}.Debug|Any CPU.Build.0 = Debug|Any CPU
		{7F50512C-4AB7-4D49-AD63-E2D5AC338FC7}.Release|Any CPU.ActiveCfg = Release|Any CPU
		{7F50512C-4AB7-4D49-AD63-E2D5AC338FC7}.Release|Any CPU.Build.0 = Release|Any CPU
		{8CF975E6-28B6-43B6-85F5-C7B28EC6B154}.Debug|Any CPU.ActiveCfg = Debug|Any CPU
		{8CF975E6-28B6-43B6-85F5-C7B28EC6B154}.Debug|Any CPU.Build.0 = Debug|Any CPU
		{8CF975E6-28B6-43B6-85F5-C7B28EC6B154}.Release|Any CPU.ActiveCfg = Release|Any CPU
		{8CF975E6-28B6-43B6-85F5-C7B28EC6B154}.Release|Any CPU.Build.0 = Release|Any CPU
		{A0C332DB-496E-498B-9BF3-DA25C565A053}.Debug|Any CPU.ActiveCfg = Debug|Any CPU
		{A0C332DB-496E-498B-9BF3-DA25C565A053}.Debug|Any CPU.Build.0 = Debug|Any CPU
		{A0C332DB-496E-498B-9BF3-DA25C565A053}.Release|Any CPU.ActiveCfg = Release|Any CPU
		{A0C332DB-496E-498B-9BF3-DA25C565A053}.Release|Any CPU.Build.0 = Release|Any CPU
		{356B0655-4DC8-4D59-8333-3F90870E95F6}.Debug|Any CPU.ActiveCfg = Debug|Any CPU
		{356B0655-4DC8-4D59-8333-3F90870E95F6}.Debug|Any CPU.Build.0 = Debug|Any CPU
		{356B0655-4DC8-4D59-8333-3F90870E95F6}.Release|Any CPU.ActiveCfg = Release|Any CPU
		{356B0655-4DC8-4D59-8333-3F90870E95F6}.Release|Any CPU.Build.0 = Release|Any CPU
		{44B2199B-281C-4856-98A3-E4EE6A292993}.Debug|Any CPU.ActiveCfg = Debug|Any CPU
		{44B2199B-281C-4856-98A3-E4EE6A292993}.Debug|Any CPU.Build.0 = Debug|Any CPU
		{44B2199B-281C-4856-98A3-E4EE6A292993}.Release|Any CPU.ActiveCfg = Release|Any CPU
		{44B2199B-281C-4856-98A3-E4EE6A292993}.Release|Any CPU.Build.0 = Release|Any CPU
		{19710B58-9166-474C-BE0A-FC7E74C5CAAF}.Debug|Any CPU.ActiveCfg = Debug|Any CPU
		{19710B58-9166-474C-BE0A-FC7E74C5CAAF}.Debug|Any CPU.Build.0 = Debug|Any CPU
		{19710B58-9166-474C-BE0A-FC7E74C5CAAF}.Release|Any CPU.ActiveCfg = Release|Any CPU
		{19710B58-9166-474C-BE0A-FC7E74C5CAAF}.Release|Any CPU.Build.0 = Release|Any CPU
		{04D33A33-E119-46B9-A518-DAE0E40E1A12}.Debug|Any CPU.ActiveCfg = Debug|Any CPU
		{04D33A33-E119-46B9-A518-DAE0E40E1A12}.Debug|Any CPU.Build.0 = Debug|Any CPU
		{04D33A33-E119-46B9-A518-DAE0E40E1A12}.Release|Any CPU.ActiveCfg = Release|Any CPU
		{04D33A33-E119-46B9-A518-DAE0E40E1A12}.Release|Any CPU.Build.0 = Release|Any CPU
		{3E82B899-16E8-4809-AF0F-D0F888140587}.Debug|Any CPU.ActiveCfg = Debug|Any CPU
		{3E82B899-16E8-4809-AF0F-D0F888140587}.Debug|Any CPU.Build.0 = Debug|Any CPU
		{3E82B899-16E8-4809-AF0F-D0F888140587}.Release|Any CPU.ActiveCfg = Release|Any CPU
		{3E82B899-16E8-4809-AF0F-D0F888140587}.Release|Any CPU.Build.0 = Release|Any CPU
		{F0EC8025-BE6D-47BB-957F-7BB1037BB78E}.Debug|Any CPU.ActiveCfg = Debug|Any CPU
		{F0EC8025-BE6D-47BB-957F-7BB1037BB78E}.Debug|Any CPU.Build.0 = Debug|Any CPU
		{F0EC8025-BE6D-47BB-957F-7BB1037BB78E}.Release|Any CPU.ActiveCfg = Release|Any CPU
		{F0EC8025-BE6D-47BB-957F-7BB1037BB78E}.Release|Any CPU.Build.0 = Release|Any CPU
		{3F2F5E60-8A29-4F9C-91DF-0AF43CD13C7E}.Debug|Any CPU.ActiveCfg = Debug|Any CPU
		{3F2F5E60-8A29-4F9C-91DF-0AF43CD13C7E}.Debug|Any CPU.Build.0 = Debug|Any CPU
		{3F2F5E60-8A29-4F9C-91DF-0AF43CD13C7E}.Release|Any CPU.ActiveCfg = Release|Any CPU
		{3F2F5E60-8A29-4F9C-91DF-0AF43CD13C7E}.Release|Any CPU.Build.0 = Release|Any CPU
		{52818F60-7ADB-4B54-880E-559C5533F12F}.Debug|Any CPU.ActiveCfg = Debug|Any CPU
		{52818F60-7ADB-4B54-880E-559C5533F12F}.Debug|Any CPU.Build.0 = Debug|Any CPU
		{52818F60-7ADB-4B54-880E-559C5533F12F}.Release|Any CPU.ActiveCfg = Release|Any CPU
		{52818F60-7ADB-4B54-880E-559C5533F12F}.Release|Any CPU.Build.0 = Release|Any CPU
		{0A71ECB7-5949-4004-B267-A1283D9B795F}.Debug|Any CPU.ActiveCfg = Debug|Any CPU
		{0A71ECB7-5949-4004-B267-A1283D9B795F}.Debug|Any CPU.Build.0 = Debug|Any CPU
		{0A71ECB7-5949-4004-B267-A1283D9B795F}.Release|Any CPU.ActiveCfg = Release|Any CPU
		{0A71ECB7-5949-4004-B267-A1283D9B795F}.Release|Any CPU.Build.0 = Release|Any CPU
		{FB3E312F-3A25-41E9-B13A-AAFC0C18B949}.Debug|Any CPU.ActiveCfg = Debug|Any CPU
		{FB3E312F-3A25-41E9-B13A-AAFC0C18B949}.Debug|Any CPU.Build.0 = Debug|Any CPU
		{FB3E312F-3A25-41E9-B13A-AAFC0C18B949}.Release|Any CPU.ActiveCfg = Release|Any CPU
		{FB3E312F-3A25-41E9-B13A-AAFC0C18B949}.Release|Any CPU.Build.0 = Release|Any CPU
		{34000491-7293-4C5F-A145-44F8BACDA93A}.Debug|Any CPU.ActiveCfg = Debug|Any CPU
		{34000491-7293-4C5F-A145-44F8BACDA93A}.Debug|Any CPU.Build.0 = Debug|Any CPU
		{34000491-7293-4C5F-A145-44F8BACDA93A}.Release|Any CPU.ActiveCfg = Release|Any CPU
		{34000491-7293-4C5F-A145-44F8BACDA93A}.Release|Any CPU.Build.0 = Release|Any CPU
		{9B1FD739-BA4B-41E3-8FFD-80589B14B0B2}.Debug|Any CPU.ActiveCfg = Debug|Any CPU
		{9B1FD739-BA4B-41E3-8FFD-80589B14B0B2}.Debug|Any CPU.Build.0 = Debug|Any CPU
		{9B1FD739-BA4B-41E3-8FFD-80589B14B0B2}.Release|Any CPU.ActiveCfg = Release|Any CPU
		{9B1FD739-BA4B-41E3-8FFD-80589B14B0B2}.Release|Any CPU.Build.0 = Release|Any CPU
	EndGlobalSection
	GlobalSection(SolutionProperties) = preSolution
		HideSolutionNode = FALSE
	EndGlobalSection
	GlobalSection(NestedProjects) = preSolution
		{7F50512C-4AB7-4D49-AD63-E2D5AC338FC7} = {DA5065F3-E9CA-4C44-AAF2-56AB78218A19}
		{8CF975E6-28B6-43B6-85F5-C7B28EC6B154} = {DA5065F3-E9CA-4C44-AAF2-56AB78218A19}
		{A0C332DB-496E-498B-9BF3-DA25C565A053} = {DA5065F3-E9CA-4C44-AAF2-56AB78218A19}
		{356B0655-4DC8-4D59-8333-3F90870E95F6} = {DA5065F3-E9CA-4C44-AAF2-56AB78218A19}
		{44B2199B-281C-4856-98A3-E4EE6A292993} = {DA5065F3-E9CA-4C44-AAF2-56AB78218A19}
		{19710B58-9166-474C-BE0A-FC7E74C5CAAF} = {DA5065F3-E9CA-4C44-AAF2-56AB78218A19}
		{04D33A33-E119-46B9-A518-DAE0E40E1A12} = {DA5065F3-E9CA-4C44-AAF2-56AB78218A19}
		{3E82B899-16E8-4809-AF0F-D0F888140587} = {DA5065F3-E9CA-4C44-AAF2-56AB78218A19}
		{F0EC8025-BE6D-47BB-957F-7BB1037BB78E} = {DA5065F3-E9CA-4C44-AAF2-56AB78218A19}
		{3F2F5E60-8A29-4F9C-91DF-0AF43CD13C7E} = {DA5065F3-E9CA-4C44-AAF2-56AB78218A19}
		{52818F60-7ADB-4B54-880E-559C5533F12F} = {6CAFFBE8-8468-46BF-B297-56106DB0CD64}
		{0A71ECB7-5949-4004-B267-A1283D9B795F} = {6CAFFBE8-8468-46BF-B297-56106DB0CD64}
		{FB3E312F-3A25-41E9-B13A-AAFC0C18B949} = {6CAFFBE8-8468-46BF-B297-56106DB0CD64}
		{34000491-7293-4C5F-A145-44F8BACDA93A} = {6CAFFBE8-8468-46BF-B297-56106DB0CD64}
		{9B1FD739-BA4B-41E3-8FFD-80589B14B0B2} = {6CAFFBE8-8468-46BF-B297-56106DB0CD64}
	EndGlobalSection
	GlobalSection(ExtensibilityGlobals) = postSolution
		SolutionGuid = {9916E2B3-7714-4ACF-B485-AA2595A08F49}
	EndGlobalSection
EndGlobal
